
Microsoft Visual Studio Solution File, Format Version 12.00
# Visual Studio Version 17
VisualStudioVersion = 17.5.002.0
MinimumVisualStudioVersion = 10.0.40219.1
Project("{9A19103F-16F7-4668-BE54-9A1E7A4F7556}") = "AMST4.Store.Shoes", "AMST4.Store.Shoes.csproj", "{E23C7164-55E2-4095-B484-630F025EBDA4}"
EndProject
Global
	GlobalSection(SolutionConfigurationPlatforms) = preSolution
		Debug|Any CPU = Debug|Any CPU
		Release|Any CPU = Release|Any CPU
	EndGlobalSection
	GlobalSection(ProjectConfigurationPlatforms) = postSolution
		{E23C7164-55E2-4095-B484-630F025EBDA4}.Debug|Any CPU.ActiveCfg = Debug|Any CPU
		{E23C7164-55E2-4095-B484-630F025EBDA4}.Debug|Any CPU.Build.0 = Debug|Any CPU
		{E23C7164-55E2-4095-B484-630F025EBDA4}.Release|Any CPU.ActiveCfg = Release|Any CPU
		{E23C7164-55E2-4095-B484-630F025EBDA4}.Release|Any CPU.Build.0 = Release|Any CPU
	EndGlobalSection
	GlobalSection(SolutionProperties) = preSolution
		HideSolutionNode = FALSE
	EndGlobalSection
	GlobalSection(ExtensibilityGlobals) = postSolution
		SolutionGuid = {4B8877B1-1E41-49FB-9C4C-980EAB8CFF58}
	EndGlobalSection
EndGlobal
